<?xml version="1.0" encoding="utf-8"?>
<Project ToolsVersion="4.0" xmlns="http://schemas.microsoft.com/developer/msbuild/2003">
  <ItemGroup>
    <Filter Include="소스 파일">
      <UniqueIdentifier>{4FC737F1-C7A5-4376-A066-2A32D752A2FF}</UniqueIdentifier>
      <Extensions>cpp;c;cc;cxx;c++;cppm;ixx;def;odl;idl;hpj;bat;asm;asmx</Extensions>
    </Filter>
    <Filter Include="헤더 파일">
      <UniqueIdentifier>{93995380-89BD-4b04-88EB-625FBE52EBFB}</UniqueIdentifier>
      <Extensions>h;hh;hpp;hxx;h++;hm;inl;inc;ipp;xsd</Extensions>
    </Filter>
    <Filter Include="리소스 파일">
      <UniqueIdentifier>{67DA6AB6-F800-4c08-8B7A-83BB121AAD01}</UniqueIdentifier>
      <Extensions>rc;ico;cur;bmp;dlg;rc2;rct;bin;rgs;gif;jpg;jpeg;jpe;resx;tiff;tif;png;wav;mfcribbon-ms</Extensions>
    </Filter>
    <Filter Include="소스 파일\Lv1">
      <UniqueIdentifier>{e7e26c1b-f675-4d4f-a3e7-de415db42d78}</UniqueIdentifier>
    </Filter>
    <Filter Include="소스 파일\Lv2">
      <UniqueIdentifier>{c11f50c8-24e3-41d3-84b2-18c33607025f}</UniqueIdentifier>
    </Filter>
    <Filter Include="소스 파일\NONE">
      <UniqueIdentifier>{71894f68-47e0-49a0-a073-6ed134462fba}</UniqueIdentifier>
    </Filter>
  </ItemGroup>
  <ItemGroup>
    <ClCompile Include="Main.cpp">
      <Filter>소스 파일</Filter>
    </ClCompile>
  </ItemGroup>
  <ItemGroup>
    <ClInclude Include="Main.h">
      <Filter>소스 파일</Filter>
    </ClInclude>
    <ClInclude Include="Useful.h">
      <Filter>소스 파일</Filter>
    </ClInclude>
    <ClInclude Include="Test.h">
      <Filter>소스 파일\Lv1</Filter>
    </ClInclude>
    <ClInclude Include="00_Harshad.h">
      <Filter>소스 파일\Lv1</Filter>
    </ClInclude>
    <ClInclude Include="01_정수내림차순으로배치하기.h">
      <Filter>소스 파일\Lv1</Filter>
    </ClInclude>
    <ClInclude Include="02_두정수사이의합.h">
      <Filter>소스 파일\Lv1</Filter>
    </ClInclude>
    <ClInclude Include="03_콜라츠추측%283n+1%29.h">
      <Filter>소스 파일\Lv1</Filter>
    </ClInclude>
    <ClInclude Include="04_나머지가1이되는수찾기.h">
      <Filter>소스 파일\Lv1</Filter>
    </ClInclude>
    <ClInclude Include="05_서울에서김서방찾기.h">
      <Filter>소스 파일\Lv1</Filter>
    </ClInclude>
    <ClInclude Include="00_00_뉴스클러스터링.h">
      <Filter>소스 파일\Lv2</Filter>
    </ClInclude>
    <ClInclude Include="00_01_귤고르기.h">
      <Filter>소스 파일\Lv2</Filter>
    </ClInclude>
    <ClInclude Include="00_02_전화번호목록.h">
      <Filter>소스 파일\Lv2</Filter>
    </ClInclude>
    <ClInclude Include="00_03_타겟넘버.h">
      <Filter>소스 파일\Lv2</Filter>
    </ClInclude>
    <ClInclude Include="00_04_k진수에서소수개수구하기.h">
      <Filter>소스 파일\Lv2</Filter>
    </ClInclude>
    <ClInclude Include="00_05_연속부분수열합의개수.h">
      <Filter>소스 파일\Lv2</Filter>
    </ClInclude>
    <ClInclude Include="00_06_압축.h">
      <Filter>소스 파일\Lv2</Filter>
    </ClInclude>
    <ClInclude Include="00_07_더맵게.h">
      <Filter>소스 파일\Lv2</Filter>
    </ClInclude>
    <ClInclude Include="중앙값큐만들기.h">
      <Filter>소스 파일\NONE</Filter>
    </ClInclude>
    <ClInclude Include="00_08_피로도.h">
      <Filter>소스 파일\Lv2</Filter>
    </ClInclude>
    <ClInclude Include="00_09_N진수게임.h">
      <Filter>소스 파일\Lv2</Filter>
    </ClInclude>
    <ClInclude Include="00_10_오픈채팅방.h">
      <Filter>소스 파일\Lv2</Filter>
    </ClInclude>
    <ClInclude Include="00_11_주차요금계산.h">
      <Filter>소스 파일\Lv2</Filter>
    </ClInclude>
    <ClInclude Include="00_12_주식가격.h">
      <Filter>소스 파일\Lv2</Filter>
    </ClInclude>
    <ClInclude Include="00_13_할인행사.h">
      <Filter>소스 파일\Lv2</Filter>
    </ClInclude>
    <ClInclude Include="로봇청소기.h">
      <Filter>소스 파일\NONE</Filter>
    </ClInclude>
    <ClInclude Include="숫자게임.h">
      <Filter>소스 파일\NONE</Filter>
    </ClInclude>
    <ClInclude Include="00_14_둘만의암호.h">
      <Filter>소스 파일\Lv2</Filter>
    </ClInclude>
    <ClInclude Include="00_15_스킬트리.h">
      <Filter>소스 파일\Lv2</Filter>
    </ClInclude>
    <ClInclude Include="00_16_땅따먹기.h">
      <Filter>소스 파일\Lv2</Filter>
    </ClInclude>
    <ClInclude Include="00_17_방문길이.h">
      <Filter>소스 파일\Lv2</Filter>
    </ClInclude>
  </ItemGroup>
</Project>